// !$*UTF8*$!
{
	archiveVersion = 1;
	classes = {
	};
	objectVersion = 56;
	objects = {

/* Begin PBXBuildFile section */
		34C3B1C429AFC19700B1B295 /* CategoryListTableViewController.swift in Sources */ = {isa = PBXBuildFile; fileRef = 34C3B1C329AFC19700B1B295 /* CategoryListTableViewController.swift */; };
		34C3B1C629AFC1A200B1B295 /* MealListTableViewController.swift in Sources */ = {isa = PBXBuildFile; fileRef = 34C3B1C529AFC1A200B1B295 /* MealListTableViewController.swift */; };
		34C3B1C829AFD09200B1B295 /* Recipe.swift in Sources */ = {isa = PBXBuildFile; fileRef = 34C3B1C729AFD09200B1B295 /* Recipe.swift */; };
		34CABEB129AFAD2500A13758 /* AppDelegate.swift in Sources */ = {isa = PBXBuildFile; fileRef = 34CABEB029AFAD2500A13758 /* AppDelegate.swift */; };
		34CABEB329AFAD2500A13758 /* SceneDelegate.swift in Sources */ = {isa = PBXBuildFile; fileRef = 34CABEB229AFAD2500A13758 /* SceneDelegate.swift */; };
		34CABEB829AFAD2500A13758 /* Main.storyboard in Resources */ = {isa = PBXBuildFile; fileRef = 34CABEB629AFAD2500A13758 /* Main.storyboard */; };
		34CABEBA29AFAD2700A13758 /* Assets.xcassets in Resources */ = {isa = PBXBuildFile; fileRef = 34CABEB929AFAD2700A13758 /* Assets.xcassets */; };
		34CABEBD29AFAD2700A13758 /* LaunchScreen.storyboard in Resources */ = {isa = PBXBuildFile; fileRef = 34CABEBB29AFAD2700A13758 /* LaunchScreen.storyboard */; };
		34CABEC829AFAE3900A13758 /* Category.swift in Sources */ = {isa = PBXBuildFile; fileRef = 34CABEC729AFAE3900A13758 /* Category.swift */; };
		34CABECA29AFB06D00A13758 /* Meal.swift in Sources */ = {isa = PBXBuildFile; fileRef = 34CABEC929AFB06D00A13758 /* Meal.swift */; };
		34CABECD29AFB1AA00A13758 /* MealService.swift in Sources */ = {isa = PBXBuildFile; fileRef = 34CABECC29AFB1AA00A13758 /* MealService.swift */; };
		34CABECF29AFB2E400A13758 /* NetworkError.swift in Sources */ = {isa = PBXBuildFile; fileRef = 34CABECE29AFB2E400A13758 /* NetworkError.swift */; };
		34CABED129AFB48400A13758 /* Constants.swift in Sources */ = {isa = PBXBuildFile; fileRef = 34CABED029AFB48400A13758 /* Constants.swift */; };
/* End PBXBuildFile section */

/* Begin PBXFileReference section */
		34C3B1C329AFC19700B1B295 /* CategoryListTableViewController.swift */ = {isa = PBXFileReference; lastKnownFileType = sourcecode.swift; path = CategoryListTableViewController.swift; sourceTree = "<group>"; };
		34C3B1C529AFC1A200B1B295 /* MealListTableViewController.swift */ = {isa = PBXFileReference; lastKnownFileType = sourcecode.swift; path = MealListTableViewController.swift; sourceTree = "<group>"; };
		34C3B1C729AFD09200B1B295 /* Recipe.swift */ = {isa = PBXFileReference; lastKnownFileType = sourcecode.swift; path = Recipe.swift; sourceTree = "<group>"; };
		34CABEAD29AFAD2500A13758 /* MealMakeriOS4.app */ = {isa = PBXFileReference; explicitFileType = wrapper.application; includeInIndex = 0; path = MealMakeriOS4.app; sourceTree = BUILT_PRODUCTS_DIR; };
		34CABEB029AFAD2500A13758 /* AppDelegate.swift */ = {isa = PBXFileReference; lastKnownFileType = sourcecode.swift; path = AppDelegate.swift; sourceTree = "<group>"; };
		34CABEB229AFAD2500A13758 /* SceneDelegate.swift */ = {isa = PBXFileReference; lastKnownFileType = sourcecode.swift; path = SceneDelegate.swift; sourceTree = "<group>"; };
		34CABEB729AFAD2500A13758 /* Base */ = {isa = PBXFileReference; lastKnownFileType = file.storyboard; name = Base; path = Base.lproj/Main.storyboard; sourceTree = "<group>"; };
		34CABEB929AFAD2700A13758 /* Assets.xcassets */ = {isa = PBXFileReference; lastKnownFileType = folder.assetcatalog; path = Assets.xcassets; sourceTree = "<group>"; };
		34CABEBC29AFAD2700A13758 /* Base */ = {isa = PBXFileReference; lastKnownFileType = file.storyboard; name = Base; path = Base.lproj/LaunchScreen.storyboard; sourceTree = "<group>"; };
		34CABEBE29AFAD2700A13758 /* Info.plist */ = {isa = PBXFileReference; lastKnownFileType = text.plist.xml; path = Info.plist; sourceTree = "<group>"; };
		34CABEC729AFAE3900A13758 /* Category.swift */ = {isa = PBXFileReference; lastKnownFileType = sourcecode.swift; path = Category.swift; sourceTree = "<group>"; };
		34CABEC929AFB06D00A13758 /* Meal.swift */ = {isa = PBXFileReference; lastKnownFileType = sourcecode.swift; path = Meal.swift; sourceTree = "<group>"; };
		34CABECC29AFB1AA00A13758 /* MealService.swift */ = {isa = PBXFileReference; lastKnownFileType = sourcecode.swift; path = MealService.swift; sourceTree = "<group>"; };
		34CABECE29AFB2E400A13758 /* NetworkError.swift */ = {isa = PBXFileReference; lastKnownFileType = sourcecode.swift; path = NetworkError.swift; sourceTree = "<group>"; };
		34CABED029AFB48400A13758 /* Constants.swift */ = {isa = PBXFileReference; lastKnownFileType = sourcecode.swift; path = Constants.swift; sourceTree = "<group>"; };
/* End PBXFileReference section */

/* Begin PBXFrameworksBuildPhase section */
		34CABEAA29AFAD2500A13758 /* Frameworks */ = {
			isa = PBXFrameworksBuildPhase;
			buildActionMask = 2147483647;
			files = (
			);
			runOnlyForDeploymentPostprocessing = 0;
		};
/* End PBXFrameworksBuildPhase section */

/* Begin PBXGroup section */
		34C3B1C229AFC18600B1B295 /* ViewControllers */ = {
			isa = PBXGroup;
			children = (
				34C3B1C329AFC19700B1B295 /* CategoryListTableViewController.swift */,
				34C3B1C529AFC1A200B1B295 /* MealListTableViewController.swift */,
			);
			path = ViewControllers;
			sourceTree = "<group>";
		};
		34CABEA429AFAD2500A13758 = {
			isa = PBXGroup;
			children = (
				34CABEAF29AFAD2500A13758 /* MealMakeriOS4 */,
				34CABEAE29AFAD2500A13758 /* Products */,
			);
			sourceTree = "<group>";
		};
		34CABEAE29AFAD2500A13758 /* Products */ = {
			isa = PBXGroup;
			children = (
				34CABEAD29AFAD2500A13758 /* MealMakeriOS4.app */,
			);
			name = Products;
			sourceTree = "<group>";
		};
		34CABEAF29AFAD2500A13758 /* MealMakeriOS4 */ = {
			isa = PBXGroup;
			children = (
				34C3B1C229AFC18600B1B295 /* ViewControllers */,
				34CABECB29AFB19A00A13758 /* Networking */,
				34CABEC629AFAE2B00A13758 /* Model */,
				34CABEC529AFAE1C00A13758 /* Storyboard */,
				34CABEC429AFAD3600A13758 /* SupportingFiles */,
			);
			path = MealMakeriOS4;
			sourceTree = "<group>";
		};
		34CABEC429AFAD3600A13758 /* SupportingFiles */ = {
			isa = PBXGroup;
			children = (
				34CABEB029AFAD2500A13758 /* AppDelegate.swift */,
				34CABEB229AFAD2500A13758 /* SceneDelegate.swift */,
				34CABEB929AFAD2700A13758 /* Assets.xcassets */,
				34CABEBE29AFAD2700A13758 /* Info.plist */,
			);
			path = SupportingFiles;
			sourceTree = "<group>";
		};
		34CABEC529AFAE1C00A13758 /* Storyboard */ = {
			isa = PBXGroup;
			children = (
				34CABEB629AFAD2500A13758 /* Main.storyboard */,
				34CABEBB29AFAD2700A13758 /* LaunchScreen.storyboard */,
			);
			path = Storyboard;
			sourceTree = "<group>";
		};
		34CABEC629AFAE2B00A13758 /* Model */ = {
			isa = PBXGroup;
			children = (
				34CABEC729AFAE3900A13758 /* Category.swift */,
				34CABEC929AFB06D00A13758 /* Meal.swift */,
				34C3B1C729AFD09200B1B295 /* Recipe.swift */,
			);
			path = Model;
			sourceTree = "<group>";
		};
		34CABECB29AFB19A00A13758 /* Networking */ = {
			isa = PBXGroup;
			children = (
				34CABECC29AFB1AA00A13758 /* MealService.swift */,
				34CABECE29AFB2E400A13758 /* NetworkError.swift */,
				34CABED029AFB48400A13758 /* Constants.swift */,
			);
			path = Networking;
			sourceTree = "<group>";
		};
/* End PBXGroup section */

/* Begin PBXNativeTarget section */
		34CABEAC29AFAD2500A13758 /* MealMakeriOS4 */ = {
			isa = PBXNativeTarget;
			buildConfigurationList = 34CABEC129AFAD2700A13758 /* Build configuration list for PBXNativeTarget "MealMakeriOS4" */;
			buildPhases = (
				34CABEA929AFAD2500A13758 /* Sources */,
				34CABEAA29AFAD2500A13758 /* Frameworks */,
				34CABEAB29AFAD2500A13758 /* Resources */,
			);
			buildRules = (
			);
			dependencies = (
			);
			name = MealMakeriOS4;
			productName = MealMakeriOS4;
			productReference = 34CABEAD29AFAD2500A13758 /* MealMakeriOS4.app */;
			productType = "com.apple.product-type.application";
		};
/* End PBXNativeTarget section */

/* Begin PBXProject section */
		34CABEA529AFAD2500A13758 /* Project object */ = {
			isa = PBXProject;
			attributes = {
				BuildIndependentTargetsInParallel = 1;
				LastSwiftUpdateCheck = 1420;
				LastUpgradeCheck = 1420;
				TargetAttributes = {
					34CABEAC29AFAD2500A13758 = {
						CreatedOnToolsVersion = 14.2;
					};
				};
			};
			buildConfigurationList = 34CABEA829AFAD2500A13758 /* Build configuration list for PBXProject "MealMakeriOS4" */;
			compatibilityVersion = "Xcode 14.0";
			developmentRegion = en;
			hasScannedForEncodings = 0;
			knownRegions = (
				en,
				Base,
			);
			mainGroup = 34CABEA429AFAD2500A13758;
			productRefGroup = 34CABEAE29AFAD2500A13758 /* Products */;
			projectDirPath = "";
			projectRoot = "";
			targets = (
				34CABEAC29AFAD2500A13758 /* MealMakeriOS4 */,
			);
		};
/* End PBXProject section */

/* Begin PBXResourcesBuildPhase section */
		34CABEAB29AFAD2500A13758 /* Resources */ = {
			isa = PBXResourcesBuildPhase;
			buildActionMask = 2147483647;
			files = (
				34CABEBD29AFAD2700A13758 /* LaunchScreen.storyboard in Resources */,
				34CABEBA29AFAD2700A13758 /* Assets.xcassets in Resources */,
				34CABEB829AFAD2500A13758 /* Main.storyboard in Resources */,
			);
			runOnlyForDeploymentPostprocessing = 0;
		};
/* End PBXResourcesBuildPhase section */

/* Begin PBXSourcesBuildPhase section */
		34CABEA929AFAD2500A13758 /* Sources */ = {
			isa = PBXSourcesBuildPhase;
			buildActionMask = 2147483647;
			files = (
				34CABECA29AFB06D00A13758 /* Meal.swift in Sources */,
				34C3B1C429AFC19700B1B295 /* CategoryListTableViewController.swift in Sources */,
				34CABEB129AFAD2500A13758 /* AppDelegate.swift in Sources */,
				34CABEC829AFAE3900A13758 /* Category.swift in Sources */,
				34CABECF29AFB2E400A13758 /* NetworkError.swift in Sources */,
				34CABED129AFB48400A13758 /* Constants.swift in Sources */,
				34CABECD29AFB1AA00A13758 /* MealService.swift in Sources */,
				34CABEB329AFAD2500A13758 /* SceneDelegate.swift in Sources */,
				34C3B1C629AFC1A200B1B295 /* MealListTableViewController.swift in Sources */,
				34C3B1C829AFD09200B1B295 /* Recipe.swift in Sources */,
			);
			runOnlyForDeploymentPostprocessing = 0;
		};
/* End PBXSourcesBuildPhase section */

/* Begin PBXVariantGroup section */
		34CABEB629AFAD2500A13758 /* Main.storyboard */ = {
			isa = PBXVariantGroup;
			children = (
				34CABEB729AFAD2500A13758 /* Base */,
			);
			name = Main.storyboard;
			sourceTree = "<group>";
		};
		34CABEBB29AFAD2700A13758 /* LaunchScreen.storyboard */ = {
			isa = PBXVariantGroup;
			children = (
				34CABEBC29AFAD2700A13758 /* Base */,
			);
			name = LaunchScreen.storyboard;
			sourceTree = "<group>";
		};
/* End PBXVariantGroup section */

/* Begin XCBuildConfiguration section */
		34CABEBF29AFAD2700A13758 /* Debug */ = {
			isa = XCBuildConfiguration;
			buildSettings = {
				ALWAYS_SEARCH_USER_PATHS = NO;
				CLANG_ANALYZER_NONNULL = YES;
				CLANG_ANALYZER_NUMBER_OBJECT_CONVERSION = YES_AGGRESSIVE;
				CLANG_CXX_LANGUAGE_STANDARD = "gnu++20";
				CLANG_ENABLE_MODULES = YES;
				CLANG_ENABLE_OBJC_ARC = YES;
				CLANG_ENABLE_OBJC_WEAK = YES;
				CLANG_WARN_BLOCK_CAPTURE_AUTORELEASING = YES;
				CLANG_WARN_BOOL_CONVERSION = YES;
				CLANG_WARN_COMMA = YES;
				CLANG_WARN_CONSTANT_CONVERSION = YES;
				CLANG_WARN_DEPRECATED_OBJC_IMPLEMENTATIONS = YES;
				CLANG_WARN_DIRECT_OBJC_ISA_USAGE = YES_ERROR;
				CLANG_WARN_DOCUMENTATION_COMMENTS = YES;
				CLANG_WARN_EMPTY_BODY = YES;
				CLANG_WARN_ENUM_CONVERSION = YES;
				CLANG_WARN_INFINITE_RECURSION = YES;
				CLANG_WARN_INT_CONVERSION = YES;
				CLANG_WARN_NON_LITERAL_NULL_CONVERSION = YES;
				CLANG_WARN_OBJC_IMPLICIT_RETAIN_SELF = YES;
				CLANG_WARN_OBJC_LITERAL_CONVERSION = YES;
				CLANG_WARN_OBJC_ROOT_CLASS = YES_ERROR;
				CLANG_WARN_QUOTED_INCLUDE_IN_FRAMEWORK_HEADER = YES;
				CLANG_WARN_RANGE_LOOP_ANALYSIS = YES;
				CLANG_WARN_STRICT_PROTOTYPES = YES;
				CLANG_WARN_SUSPICIOUS_MOVE = YES;
				CLANG_WARN_UNGUARDED_AVAILABILITY = YES_AGGRESSIVE;
				CLANG_WARN_UNREACHABLE_CODE = YES;
				CLANG_WARN__DUPLICATE_METHOD_MATCH = YES;
				COPY_PHASE_STRIP = NO;
				DEBUG_INFORMATION_FORMAT = dwarf;
				ENABLE_STRICT_OBJC_MSGSEND = YES;
				ENABLE_TESTABILITY = YES;
				GCC_C_LANGUAGE_STANDARD = gnu11;
				GCC_DYNAMIC_NO_PIC = NO;
				GCC_NO_COMMON_BLOCKS = YES;
				GCC_OPTIMIZATION_LEVEL = 0;
				GCC_PREPROCESSOR_DEFINITIONS = (
					"DEBUG=1",
					"$(inherited)",
				);
				GCC_WARN_64_TO_32_BIT_CONVERSION = YES;
				GCC_WARN_ABOUT_RETURN_TYPE = YES_ERROR;
				GCC_WARN_UNDECLARED_SELECTOR = YES;
				GCC_WARN_UNINITIALIZED_AUTOS = YES_AGGRESSIVE;
				GCC_WARN_UNUSED_FUNCTION = YES;
				GCC_WARN_UNUSED_VARIABLE = YES;
				IPHONEOS_DEPLOYMENT_TARGET = 16.2;
				MTL_ENABLE_DEBUG_INFO = INCLUDE_SOURCE;
				MTL_FAST_MATH = YES;
				ONLY_ACTIVE_ARCH = YES;
				SDKROOT = iphoneos;
				SWIFT_ACTIVE_COMPILATION_CONDITIONS = DEBUG;
				SWIFT_OPTIMIZATION_LEVEL = "-Onone";
			};
			name = Debug;
		};
		34CABEC029AFAD2700A13758 /* Release */ = {
			isa = XCBuildConfiguration;
			buildSettings = {
				ALWAYS_SEARCH_USER_PATHS = NO;
				CLANG_ANALYZER_NONNULL = YES;
				CLANG_ANALYZER_NUMBER_OBJECT_CONVERSION = YES_AGGRESSIVE;
				CLANG_CXX_LANGUAGE_STANDARD = "gnu++20";
				CLANG_ENABLE_MODULES = YES;
				CLANG_ENABLE_OBJC_ARC = YES;
				CLANG_ENABLE_OBJC_WEAK = YES;
				CLANG_WARN_BLOCK_CAPTURE_AUTORELEASING = YES;
				CLANG_WARN_BOOL_CONVERSION = YES;
				CLANG_WARN_COMMA = YES;
				CLANG_WARN_CONSTANT_CONVERSION = YES;
				CLANG_WARN_DEPRECATED_OBJC_IMPLEMENTATIONS = YES;
				CLANG_WARN_DIRECT_OBJC_ISA_USAGE = YES_ERROR;
				CLANG_WARN_DOCUMENTATION_COMMENTS = YES;
				CLANG_WARN_EMPTY_BODY = YES;
				CLANG_WARN_ENUM_CONVERSION = YES;
				CLANG_WARN_INFINITE_RECURSION = YES;
				CLANG_WARN_INT_CONVERSION = YES;
				CLANG_WARN_NON_LITERAL_NULL_CONVERSION = YES;
				CLANG_WARN_OBJC_IMPLICIT_RETAIN_SELF = YES;
				CLANG_WARN_OBJC_LITERAL_CONVERSION = YES;
				CLANG_WARN_OBJC_ROOT_CLASS = YES_ERROR;
				CLANG_WARN_QUOTED_INCLUDE_IN_FRAMEWORK_HEADER = YES;
				CLANG_WARN_RANGE_LOOP_ANALYSIS = YES;
				CLANG_WARN_STRICT_PROTOTYPES = YES;
				CLANG_WARN_SUSPICIOUS_MOVE = YES;
				CLANG_WARN_UNGUARDED_AVAILABILITY = YES_AGGRESSIVE;
				CLANG_WARN_UNREACHABLE_CODE = YES;
				CLANG_WARN__DUPLICATE_METHOD_MATCH = YES;
				COPY_PHASE_STRIP = NO;
				DEBUG_INFORMATION_FORMAT = "dwarf-with-dsym";
				ENABLE_NS_ASSERTIONS = NO;
				ENABLE_STRICT_OBJC_MSGSEND = YES;
				GCC_C_LANGUAGE_STANDARD = gnu11;
				GCC_NO_COMMON_BLOCKS = YES;
				GCC_WARN_64_TO_32_BIT_CONVERSION = YES;
				GCC_WARN_ABOUT_RETURN_TYPE = YES_ERROR;
				GCC_WARN_UNDECLARED_SELECTOR = YES;
				GCC_WARN_UNINITIALIZED_AUTOS = YES_AGGRESSIVE;
				GCC_WARN_UNUSED_FUNCTION = YES;
				GCC_WARN_UNUSED_VARIABLE = YES;
				IPHONEOS_DEPLOYMENT_TARGET = 16.2;
				MTL_ENABLE_DEBUG_INFO = NO;
				MTL_FAST_MATH = YES;
				SDKROOT = iphoneos;
				SWIFT_COMPILATION_MODE = wholemodule;
				SWIFT_OPTIMIZATION_LEVEL = "-O";
				VALIDATE_PRODUCT = YES;
			};
			name = Release;
		};
		34CABEC229AFAD2700A13758 /* Debug */ = {
			isa = XCBuildConfiguration;
			buildSettings = {
				ASSETCATALOG_COMPILER_APPICON_NAME = AppIcon;
				ASSETCATALOG_COMPILER_GLOBAL_ACCENT_COLOR_NAME = AccentColor;
				CODE_SIGN_STYLE = Automatic;
				CURRENT_PROJECT_VERSION = 1;
				GENERATE_INFOPLIST_FILE = YES;
				INFOPLIST_FILE = MealMakeriOS4/SupportingFiles/Info.plist;
				INFOPLIST_KEY_UIApplicationSupportsIndirectInputEvents = YES;
				INFOPLIST_KEY_UILaunchStoryboardName = LaunchScreen;
				INFOPLIST_KEY_UIMainStoryboardFile = Main;
				INFOPLIST_KEY_UISupportedInterfaceOrientations_iPad = "UIInterfaceOrientationPortrait UIInterfaceOrientationPortraitUpsideDown UIInterfaceOrientationLandscapeLeft UIInterfaceOrientationLandscapeRight";
				INFOPLIST_KEY_UISupportedInterfaceOrientations_iPhone = "UIInterfaceOrientationPortrait UIInterfaceOrientationLandscapeLeft UIInterfaceOrientationLandscapeRight";
				LD_RUNPATH_SEARCH_PATHS = (
					"$(inherited)",
					"@executable_path/Frameworks",
				);
				MARKETING_VERSION = 1.0;
				PRODUCT_BUNDLE_IDENTIFIER = MetaChillDevelopers.MealMakeriOS4;
				PRODUCT_NAME = "$(TARGET_NAME)";
				SWIFT_EMIT_LOC_STRINGS = YES;
				SWIFT_VERSION = 5.0;
				TARGETED_DEVICE_FAMILY = "1,2";
			};
			name = Debug;
		};
		34CABEC329AFAD2700A13758 /* Release */ = {
			isa = XCBuildConfiguration;
			buildSettings = {
				ASSETCATALOG_COMPILER_APPICON_NAME = AppIcon;
				ASSETCATALOG_COMPILER_GLOBAL_ACCENT_COLOR_NAME = AccentColor;
				CODE_SIGN_STYLE = Automatic;
				CURRENT_PROJECT_VERSION = 1;
				GENERATE_INFOPLIST_FILE = YES;
				INFOPLIST_FILE = MealMakeriOS4/SupportingFiles/Info.plist;
				INFOPLIST_KEY_UIApplicationSupportsIndirectInputEvents = YES;
				INFOPLIST_KEY_UILaunchStoryboardName = LaunchScreen;
				INFOPLIST_KEY_UIMainStoryboardFile = Main;
				INFOPLIST_KEY_UISupportedInterfaceOrientations_iPad = "UIInterfaceOrientationPortrait UIInterfaceOrientationPortraitUpsideDown UIInterfaceOrientationLandscapeLeft UIInterfaceOrientationLandscapeRight";
				INFOPLIST_KEY_UISupportedInterfaceOrientations_iPhone = "UIInterfaceOrientationPortrait UIInterfaceOrientationLandscapeLeft UIInterfaceOrientationLandscapeRight";
				LD_RUNPATH_SEARCH_PATHS = (
					"$(inherited)",
					"@executable_path/Frameworks",
				);
				MARKETING_VERSION = 1.0;
				PRODUCT_BUNDLE_IDENTIFIER = MetaChillDevelopers.MealMakeriOS4;
				PRODUCT_NAME = "$(TARGET_NAME)";
				SWIFT_EMIT_LOC_STRINGS = YES;
				SWIFT_VERSION = 5.0;
				TARGETED_DEVICE_FAMILY = "1,2";
			};
			name = Release;
		};
/* End XCBuildConfiguration section */

/* Begin XCConfigurationList section */
		34CABEA829AFAD2500A13758 /* Build configuration list for PBXProject "MealMakeriOS4" */ = {
			isa = XCConfigurationList;
			buildConfigurations = (
				34CABEBF29AFAD2700A13758 /* Debug */,
				34CABEC029AFAD2700A13758 /* Release */,
			);
			defaultConfigurationIsVisible = 0;
			defaultConfigurationName = Release;
		};
		34CABEC129AFAD2700A13758 /* Build configuration list for PBXNativeTarget "MealMakeriOS4" */ = {
			isa = XCConfigurationList;
			buildConfigurations = (
				34CABEC229AFAD2700A13758 /* Debug */,
				34CABEC329AFAD2700A13758 /* Release */,
			);
			defaultConfigurationIsVisible = 0;
			defaultConfigurationName = Release;
		};
/* End XCConfigurationList section */
	};
	rootObject = 34CABEA529AFAD2500A13758 /* Project object */;
}
